
Microsoft Visual Studio Solution File, Format Version 12.00
# Visual Studio Version 17
VisualStudioVersion = 17.4.33213.308
MinimumVisualStudioVersion = 10.0.40219.1
Project("{FAE04EC0-301F-11D3-BF4B-00C04F79EFBC}") = "Implementation", "Implementation\Implementation.csproj", "{1754609E-D1DF-4415-87B7-FB9EB1D5975E}"
EndProject
Global
	GlobalSection(SolutionConfigurationPlatforms) = preSolution
		Debug|Any CPU = Debug|Any CPU
		Release|Any CPU = Release|Any CPU
	EndGlobalSection
	GlobalSection(ProjectConfigurationPlatforms) = postSolution
		{1754609E-D1DF-4415-87B7-FB9EB1D5975E}.Debug|Any CPU.ActiveCfg = Debug|Any CPU
		{1754609E-D1DF-4415-87B7-FB9EB1D5975E}.Debug|Any CPU.Build.0 = Debug|Any CPU
		{1754609E-D1DF-4415-87B7-FB9EB1D5975E}.Release|Any CPU.ActiveCfg = Release|Any CPU
		{1754609E-D1DF-4415-87B7-FB9EB1D5975E}.Release|Any CPU.Build.0 = Release|Any CPU
	EndGlobalSection
	GlobalSection(SolutionProperties) = preSolution
		HideSolutionNode = FALSE
	EndGlobalSection
	GlobalSection(ExtensibilityGlobals) = postSolution
		SolutionGuid = {68298CC3-88A5-43A0-B092-E7E09720D25C}
	EndGlobalSection
EndGlobal
